
Microsoft Visual Studio Solution File, Format Version 12.00
# Visual Studio Version 17
VisualStudioVersion = 17.10.34928.147
MinimumVisualStudioVersion = 10.0.40219.1
Project("{FAE04EC0-301F-11D3-BF4B-00C04F79EFBC}") = "WCFEndpoints", "WCFEndpoints.csproj", "{631EE418-DDD6-481B-BE4B-84E9484417B8}"
EndProject
Global
	GlobalSection(SolutionConfigurationPlatforms) = preSolution
		Debug|Any CPU = Debug|Any CPU
		Release|Any CPU = Release|Any CPU
	EndGlobalSection
	GlobalSection(ProjectConfigurationPlatforms) = postSolution
		{631EE418-DDD6-481B-BE4B-84E9484417B8}.Debug|Any CPU.ActiveCfg = Debug|Any CPU
		{631EE418-DDD6-481B-BE4B-84E9484417B8}.Debug|Any CPU.Build.0 = Debug|Any CPU
		{631EE418-DDD6-481B-BE4B-84E9484417B8}.Release|Any CPU.ActiveCfg = Release|Any CPU
		{631EE418-DDD6-481B-BE4B-84E9484417B8}.Release|Any CPU.Build.0 = Release|Any CPU
	EndGlobalSection
	GlobalSection(SolutionProperties) = preSolution
		HideSolutionNode = FALSE
	EndGlobalSection
	GlobalSection(ExtensibilityGlobals) = postSolution
		SolutionGuid = {21EA8A81-F55B-4021-A0FD-78BDB4825243}
	EndGlobalSection
EndGlobal
