
Microsoft Visual Studio Solution File, Format Version 12.00
# Visual Studio Version 17
VisualStudioVersion = 17.10.34928.147
MinimumVisualStudioVersion = 10.0.40219.1
Project("{FAE04EC0-301F-11D3-BF4B-00C04F79EFBC}") = "Login App", "Login App.csproj", "{C0D60ABD-36F1-4714-9C84-E128260E23B8}"
EndProject
Global
	GlobalSection(SolutionConfigurationPlatforms) = preSolution
		Debug|Any CPU = Debug|Any CPU
		Release|Any CPU = Release|Any CPU
	EndGlobalSection
	GlobalSection(ProjectConfigurationPlatforms) = postSolution
		{C0D60ABD-36F1-4714-9C84-E128260E23B8}.Debug|Any CPU.ActiveCfg = Debug|Any CPU
		{C0D60ABD-36F1-4714-9C84-E128260E23B8}.Debug|Any CPU.Build.0 = Debug|Any CPU
		{C0D60ABD-36F1-4714-9C84-E128260E23B8}.Release|Any CPU.ActiveCfg = Release|Any CPU
		{C0D60ABD-36F1-4714-9C84-E128260E23B8}.Release|Any CPU.Build.0 = Release|Any CPU
	EndGlobalSection
	GlobalSection(SolutionProperties) = preSolution
		HideSolutionNode = FALSE
	EndGlobalSection
	GlobalSection(ExtensibilityGlobals) = postSolution
		SolutionGuid = {0A9AAB1E-700D-4DB6-A7C6-E061A27951E3}
	EndGlobalSection
EndGlobal
