
Microsoft Visual Studio Solution File, Format Version 12.00
# Visual Studio Version 17
VisualStudioVersion = 17.10.34928.147
MinimumVisualStudioVersion = 10.0.40219.1
Project("{FAE04EC0-301F-11D3-BF4B-00C04F79EFBC}") = "Digital Clock", "Digital Clock.csproj", "{FF233883-4E50-4CED-9F2A-DBDE6920A637}"
EndProject
Global
	GlobalSection(SolutionConfigurationPlatforms) = preSolution
		Debug|Any CPU = Debug|Any CPU
		Release|Any CPU = Release|Any CPU
	EndGlobalSection
	GlobalSection(ProjectConfigurationPlatforms) = postSolution
		{FF233883-4E50-4CED-9F2A-DBDE6920A637}.Debug|Any CPU.ActiveCfg = Debug|Any CPU
		{FF233883-4E50-4CED-9F2A-DBDE6920A637}.Debug|Any CPU.Build.0 = Debug|Any CPU
		{FF233883-4E50-4CED-9F2A-DBDE6920A637}.Release|Any CPU.ActiveCfg = Release|Any CPU
		{FF233883-4E50-4CED-9F2A-DBDE6920A637}.Release|Any CPU.Build.0 = Release|Any CPU
	EndGlobalSection
	GlobalSection(SolutionProperties) = preSolution
		HideSolutionNode = FALSE
	EndGlobalSection
	GlobalSection(ExtensibilityGlobals) = postSolution
		SolutionGuid = {B0ACA4D1-085A-4961-96C2-E5357A59469F}
	EndGlobalSection
EndGlobal
