
Microsoft Visual Studio Solution File, Format Version 12.00
# Visual Studio Version 17
VisualStudioVersion = 17.10.34928.147
MinimumVisualStudioVersion = 10.0.40219.1
Project("{FAE04EC0-301F-11D3-BF4B-00C04F79EFBC}") = "SelfHostingWCF", "SelfHostingWCF.csproj", "{D598E3BF-5BD7-43E0-A8AB-1CFC8F1D18EF}"
EndProject
Global
	GlobalSection(SolutionConfigurationPlatforms) = preSolution
		Debug|Any CPU = Debug|Any CPU
		Release|Any CPU = Release|Any CPU
	EndGlobalSection
	GlobalSection(ProjectConfigurationPlatforms) = postSolution
		{D598E3BF-5BD7-43E0-A8AB-1CFC8F1D18EF}.Debug|Any CPU.ActiveCfg = Debug|Any CPU
		{D598E3BF-5BD7-43E0-A8AB-1CFC8F1D18EF}.Debug|Any CPU.Build.0 = Debug|Any CPU
		{D598E3BF-5BD7-43E0-A8AB-1CFC8F1D18EF}.Release|Any CPU.ActiveCfg = Release|Any CPU
		{D598E3BF-5BD7-43E0-A8AB-1CFC8F1D18EF}.Release|Any CPU.Build.0 = Release|Any CPU
	EndGlobalSection
	GlobalSection(SolutionProperties) = preSolution
		HideSolutionNode = FALSE
	EndGlobalSection
	GlobalSection(ExtensibilityGlobals) = postSolution
		SolutionGuid = {67B4635C-9853-4CAB-824E-73B8BF352226}
	EndGlobalSection
EndGlobal
